
Microsoft Visual Studio Solution File, Format Version 12.00
# Visual Studio Version 17
VisualStudioVersion = 17.13.35825.156 d17.13
MinimumVisualStudioVersion = 10.0.40219.1
Project("{FAE04EC0-301F-11D3-BF4B-00C04F79EFBC}") = "Atividade UC 12", "Atividade UC 12\Atividade UC 12.csproj", "{0549FE7B-5683-4A6A-9ADC-E668F8DB64A4}"
EndProject
Global
	GlobalSection(SolutionConfigurationPlatforms) = preSolution
		Debug|Any CPU = Debug|Any CPU
		Release|Any CPU = Release|Any CPU
	EndGlobalSection
	GlobalSection(ProjectConfigurationPlatforms) = postSolution
		{0549FE7B-5683-4A6A-9ADC-E668F8DB64A4}.Debug|Any CPU.ActiveCfg = Debug|Any CPU
		{0549FE7B-5683-4A6A-9ADC-E668F8DB64A4}.Debug|Any CPU.Build.0 = Debug|Any CPU
		{0549FE7B-5683-4A6A-9ADC-E668F8DB64A4}.Release|Any CPU.ActiveCfg = Release|Any CPU
		{0549FE7B-5683-4A6A-9ADC-E668F8DB64A4}.Release|Any CPU.Build.0 = Release|Any CPU
	EndGlobalSection
	GlobalSection(SolutionProperties) = preSolution
		HideSolutionNode = FALSE
	EndGlobalSection
	GlobalSection(ExtensibilityGlobals) = postSolution
		SolutionGuid = {DC367D4E-B577-43E3-8C67-9F297EC1495D}
	EndGlobalSection
EndGlobal
